
Microsoft Visual Studio Solution File, Format Version 12.00
# Visual Studio Version 16
VisualStudioVersion = 16.0.30523.141
MinimumVisualStudioVersion = 10.0.40219.1
Project("{8BC9CEB8-8B4A-11D0-8D11-00A0C91BC942}") = "MARP_Ej_46", "MARP_Ej_46\MARP_Ej_46.vcxproj", "{C9183150-2D3F-4A14-A5EF-438F97F0209C}"
EndProject
Global
	GlobalSection(SolutionConfigurationPlatforms) = preSolution
		Debug|x64 = Debug|x64
		Debug|x86 = Debug|x86
		Release|x64 = Release|x64
		Release|x86 = Release|x86
	EndGlobalSection
	GlobalSection(ProjectConfigurationPlatforms) = postSolution
		{C9183150-2D3F-4A14-A5EF-438F97F0209C}.Debug|x64.ActiveCfg = Debug|x64
		{C9183150-2D3F-4A14-A5EF-438F97F0209C}.Debug|x64.Build.0 = Debug|x64
		{C9183150-2D3F-4A14-A5EF-438F97F0209C}.Debug|x86.ActiveCfg = Debug|Win32
		{C9183150-2D3F-4A14-A5EF-438F97F0209C}.Debug|x86.Build.0 = Debug|Win32
		{C9183150-2D3F-4A14-A5EF-438F97F0209C}.Release|x64.ActiveCfg = Release|x64
		{C9183150-2D3F-4A14-A5EF-438F97F0209C}.Release|x64.Build.0 = Release|x64
		{C9183150-2D3F-4A14-A5EF-438F97F0209C}.Release|x86.ActiveCfg = Release|Win32
		{C9183150-2D3F-4A14-A5EF-438F97F0209C}.Release|x86.Build.0 = Release|Win32
	EndGlobalSection
	GlobalSection(SolutionProperties) = preSolution
		HideSolutionNode = FALSE
	EndGlobalSection
	GlobalSection(ExtensibilityGlobals) = postSolution
		SolutionGuid = {0D5FC12B-D870-4678-9667-36218B1493D9}
	EndGlobalSection
EndGlobal
