
Microsoft Visual Studio Solution File, Format Version 12.00
# Visual Studio Version 16
VisualStudioVersion = 16.0.30523.141
MinimumVisualStudioVersion = 10.0.40219.1
Project("{8BC9CEB8-8B4A-11D0-8D11-00A0C91BC942}") = "MARP_Ej_19", "MARP_Ej_19\MARP_Ej_19.vcxproj", "{A191F6F8-CA50-43E4-9BB8-DECDD9D01568}"
EndProject
Global
	GlobalSection(SolutionConfigurationPlatforms) = preSolution
		Debug|x64 = Debug|x64
		Debug|x86 = Debug|x86
		Release|x64 = Release|x64
		Release|x86 = Release|x86
	EndGlobalSection
	GlobalSection(ProjectConfigurationPlatforms) = postSolution
		{A191F6F8-CA50-43E4-9BB8-DECDD9D01568}.Debug|x64.ActiveCfg = Debug|x64
		{A191F6F8-CA50-43E4-9BB8-DECDD9D01568}.Debug|x64.Build.0 = Debug|x64
		{A191F6F8-CA50-43E4-9BB8-DECDD9D01568}.Debug|x86.ActiveCfg = Debug|Win32
		{A191F6F8-CA50-43E4-9BB8-DECDD9D01568}.Debug|x86.Build.0 = Debug|Win32
		{A191F6F8-CA50-43E4-9BB8-DECDD9D01568}.Release|x64.ActiveCfg = Release|x64
		{A191F6F8-CA50-43E4-9BB8-DECDD9D01568}.Release|x64.Build.0 = Release|x64
		{A191F6F8-CA50-43E4-9BB8-DECDD9D01568}.Release|x86.ActiveCfg = Release|Win32
		{A191F6F8-CA50-43E4-9BB8-DECDD9D01568}.Release|x86.Build.0 = Release|Win32
	EndGlobalSection
	GlobalSection(SolutionProperties) = preSolution
		HideSolutionNode = FALSE
	EndGlobalSection
	GlobalSection(ExtensibilityGlobals) = postSolution
		SolutionGuid = {022F48D3-EE5A-4079-8379-3FC73CC99C44}
	EndGlobalSection
EndGlobal
