
Microsoft Visual Studio Solution File, Format Version 12.00
# Visual Studio Version 16
VisualStudioVersion = 16.0.30523.141
MinimumVisualStudioVersion = 10.0.40219.1
Project("{8BC9CEB8-8B4A-11D0-8D11-00A0C91BC942}") = "MARP_Ej_21", "MARP_Ej_21\MARP_Ej_21.vcxproj", "{112C8268-B307-4126-BA84-98770BACBC05}"
EndProject
Global
	GlobalSection(SolutionConfigurationPlatforms) = preSolution
		Debug|x64 = Debug|x64
		Debug|x86 = Debug|x86
		Release|x64 = Release|x64
		Release|x86 = Release|x86
	EndGlobalSection
	GlobalSection(ProjectConfigurationPlatforms) = postSolution
		{112C8268-B307-4126-BA84-98770BACBC05}.Debug|x64.ActiveCfg = Debug|x64
		{112C8268-B307-4126-BA84-98770BACBC05}.Debug|x64.Build.0 = Debug|x64
		{112C8268-B307-4126-BA84-98770BACBC05}.Debug|x86.ActiveCfg = Debug|Win32
		{112C8268-B307-4126-BA84-98770BACBC05}.Debug|x86.Build.0 = Debug|Win32
		{112C8268-B307-4126-BA84-98770BACBC05}.Release|x64.ActiveCfg = Release|x64
		{112C8268-B307-4126-BA84-98770BACBC05}.Release|x64.Build.0 = Release|x64
		{112C8268-B307-4126-BA84-98770BACBC05}.Release|x86.ActiveCfg = Release|Win32
		{112C8268-B307-4126-BA84-98770BACBC05}.Release|x86.Build.0 = Release|Win32
	EndGlobalSection
	GlobalSection(SolutionProperties) = preSolution
		HideSolutionNode = FALSE
	EndGlobalSection
	GlobalSection(ExtensibilityGlobals) = postSolution
		SolutionGuid = {C6871DFB-EBA3-480A-B311-A05B7562990F}
	EndGlobalSection
EndGlobal
